// !$*UTF8*$!
{
	archiveVersion = 1;
	classes = {
	};
	objectVersion = 46;
	objects = {

/* Begin PBXBuildFile section */
		C33B93241D5D270B00C6EBF9 /* AppDelegate.swift in Sources */ = {isa = PBXBuildFile; fileRef = C33B93231D5D270B00C6EBF9 /* AppDelegate.swift */; };
		C33B93261D5D270B00C6EBF9 /* ViewController.swift in Sources */ = {isa = PBXBuildFile; fileRef = C33B93251D5D270B00C6EBF9 /* ViewController.swift */; };
		C33B93291D5D270B00C6EBF9 /* Main.storyboard in Resources */ = {isa = PBXBuildFile; fileRef = C33B93271D5D270B00C6EBF9 /* Main.storyboard */; };
		C33B932B1D5D270B00C6EBF9 /* Assets.xcassets in Resources */ = {isa = PBXBuildFile; fileRef = C33B932A1D5D270B00C6EBF9 /* Assets.xcassets */; };
		C33B932E1D5D270B00C6EBF9 /* LaunchScreen.storyboard in Resources */ = {isa = PBXBuildFile; fileRef = C33B932C1D5D270B00C6EBF9 /* LaunchScreen.storyboard */; };
/* End PBXBuildFile section */

/* Begin PBXFileReference section */
		C33B93201D5D270B00C6EBF9 /* Frank.app */ = {isa = PBXFileReference; explicitFileType = wrapper.application; includeInIndex = 0; path = Frank.app; sourceTree = BUILT_PRODUCTS_DIR; };
		C33B93231D5D270B00C6EBF9 /* AppDelegate.swift */ = {isa = PBXFileReference; lastKnownFileType = sourcecode.swift; path = AppDelegate.swift; sourceTree = "<group>"; };
		C33B93251D5D270B00C6EBF9 /* ViewController.swift */ = {isa = PBXFileReference; lastKnownFileType = sourcecode.swift; path = ViewController.swift; sourceTree = "<group>"; };
		C33B93281D5D270B00C6EBF9 /* Base */ = {isa = PBXFileReference; lastKnownFileType = file.storyboard; name = Base; path = Base.lproj/Main.storyboard; sourceTree = "<group>"; };
		C33B932A1D5D270B00C6EBF9 /* Assets.xcassets */ = {isa = PBXFileReference; lastKnownFileType = folder.assetcatalog; path = Assets.xcassets; sourceTree = "<group>"; };
		C33B932D1D5D270B00C6EBF9 /* Base */ = {isa = PBXFileReference; lastKnownFileType = file.storyboard; name = Base; path = Base.lproj/LaunchScreen.storyboard; sourceTree = "<group>"; };
		C33B932F1D5D270B00C6EBF9 /* Info.plist */ = {isa = PBXFileReference; lastKnownFileType = text.plist.xml; path = Info.plist; sourceTree = "<group>"; };
/* End PBXFileReference section */

/* Begin PBXFrameworksBuildPhase section */
		C33B931D1D5D270B00C6EBF9 /* Frameworks */ = {
			isa = PBXFrameworksBuildPhase;
			buildActionMask = 2147483647;
			files = (
			);
			runOnlyForDeploymentPostprocessing = 0;
		};
/* End PBXFrameworksBuildPhase section */

/* Begin PBXGroup section */
		C33B93171D5D270B00C6EBF9 = {
			isa = PBXGroup;
			children = (
				C33B93221D5D270B00C6EBF9 /* Frank */,
				C33B93211D5D270B00C6EBF9 /* Products */,
			);
			sourceTree = "<group>";
		};
		C33B93211D5D270B00C6EBF9 /* Products */ = {
			isa = PBXGroup;
			children = (
				C33B93201D5D270B00C6EBF9 /* Frank.app */,
			);
			name = Products;
			sourceTree = "<group>";
		};
		C33B93221D5D270B00C6EBF9 /* Frank */ = {
			isa = PBXGroup;
			children = (
				C33B93231D5D270B00C6EBF9 /* AppDelegate.swift */,
				C33B93251D5D270B00C6EBF9 /* ViewController.swift */,
				C33B93271D5D270B00C6EBF9 /* Main.storyboard */,
				C33B932A1D5D270B00C6EBF9 /* Assets.xcassets */,
				C33B932C1D5D270B00C6EBF9 /* LaunchScreen.storyboard */,
				C33B932F1D5D270B00C6EBF9 /* Info.plist */,
			);
			path = Frank;
			sourceTree = "<group>";
		};
/* End PBXGroup section */

/* Begin PBXNativeTarget section */
		C33B931F1D5D270B00C6EBF9 /* Frank */ = {
			isa = PBXNativeTarget;
			buildConfigurationList = C33B93321D5D270B00C6EBF9 /* Build configuration list for PBXNativeTarget "Frank" */;
			buildPhases = (
				C33B931C1D5D270B00C6EBF9 /* Sources */,
				C33B931D1D5D270B00C6EBF9 /* Frameworks */,
				C33B931E1D5D270B00C6EBF9 /* Resources */,
			);
			buildRules = (
			);
			dependencies = (
			);
			name = Frank;
			productName = Frank;
			productReference = C33B93201D5D270B00C6EBF9 /* Frank.app */;
			productType = "com.apple.product-type.application";
		};
/* End PBXNativeTarget section */

/* Begin PBXProject section */
		C33B93181D5D270B00C6EBF9 /* Project object */ = {
			isa = PBXProject;
			attributes = {
				LastSwiftUpdateCheck = 0730;
				LastUpgradeCheck = 0730;
				ORGANIZATIONNAME = "Tony Merritt";
				TargetAttributes = {
					C33B931F1D5D270B00C6EBF9 = {
						CreatedOnToolsVersion = 7.3.1;
					};
				};
			};
			buildConfigurationList = C33B931B1D5D270B00C6EBF9 /* Build configuration list for PBXProject "Frank" */;
			compatibilityVersion = "Xcode 3.2";
			developmentRegion = English;
			hasScannedForEncodings = 0;
			knownRegions = (
				en,
				Base,
			);
			mainGroup = C33B93171D5D270B00C6EBF9;
			productRefGroup = C33B93211D5D270B00C6EBF9 /* Products */;
			projectDirPath = "";
			projectRoot = "";
			targets = (
				C33B931F1D5D270B00C6EBF9 /* Frank */,
			);
		};
/* End PBXProject section */

/* Begin PBXResourcesBuildPhase section */
		C33B931E1D5D270B00C6EBF9 /* Resources */ = {
			isa = PBXResourcesBuildPhase;
			buildActionMask = 2147483647;
			files = (
				C33B932E1D5D270B00C6EBF9 /* LaunchScreen.storyboard in Resources */,
				C33B932B1D5D270B00C6EBF9 /* Assets.xcassets in Resources */,
				C33B93291D5D270B00C6EBF9 /* Main.storyboard in Resources */,
			);
			runOnlyForDeploymentPostprocessing = 0;
		};
/* End PBXResourcesBuildPhase section */

/* Begin PBXSourcesBuildPhase section */
		C33B931C1D5D270B00C6EBF9 /* Sources */ = {
			isa = PBXSourcesBuildPhase;
			buildActionMask = 2147483647;
			files = (
				C33B93261D5D270B00C6EBF9 /* ViewController.swift in Sources */,
				C33B93241D5D270B00C6EBF9 /* AppDelegate.swift in Sources */,
			);
			runOnlyForDeploymentPostprocessing = 0;
		};
/* End PBXSourcesBuildPhase section */

/* Begin PBXVariantGroup section */
		C33B93271D5D270B00C6EBF9 /* Main.storyboard */ = {
			isa = PBXVariantGroup;
			children = (
				C33B93281D5D270B00C6EBF9 /* Base */,
			);
			name = Main.storyboard;
			sourceTree = "<group>";
		};
		C33B932C1D5D270B00C6EBF9 /* LaunchScreen.storyboard */ = {
			isa = PBXVariantGroup;
			children = (
				C33B932D1D5D270B00C6EBF9 /* Base */,
			);
			name = LaunchScreen.storyboard;
			sourceTree = "<group>";
		};
/* End PBXVariantGroup section */

/* Begin XCBuildConfiguration section */
		C33B93301D5D270B00C6EBF9 /* Debug */ = {
			isa = XCBuildConfiguration;
			buildSettings = {
				ALWAYS_SEARCH_USER_PATHS = NO;
				CLANG_ANALYZER_NONNULL = YES;
				CLANG_CXX_LANGUAGE_STANDARD = "gnu++0x";
				CLANG_CXX_LIBRARY = "libc++";
				CLANG_ENABLE_MODULES = YES;
				CLANG_ENABLE_OBJC_ARC = YES;
				CLANG_WARN_BOOL_CONVERSION = YES;
				CLANG_WARN_CONSTANT_CONVERSION = YES;
				CLANG_WARN_DIRECT_OBJC_ISA_USAGE = YES_ERROR;
				CLANG_WARN_EMPTY_BODY = YES;
				CLANG_WARN_ENUM_CONVERSION = YES;
				CLANG_WARN_INT_CONVERSION = YES;
				CLANG_WARN_OBJC_ROOT_CLASS = YES_ERROR;
				CLANG_WARN_UNREACHABLE_CODE = YES;
				CLANG_WARN__DUPLICATE_METHOD_MATCH = YES;
				"CODE_SIGN_IDENTITY[sdk=iphoneos*]" = "iPhone Developer";
				COPY_PHASE_STRIP = NO;
				DEBUG_INFORMATION_FORMAT = dwarf;
				ENABLE_STRICT_OBJC_MSGSEND = YES;
				ENABLE_TESTABILITY = YES;
				GCC_C_LANGUAGE_STANDARD = gnu99;
				GCC_DYNAMIC_NO_PIC = NO;
				GCC_NO_COMMON_BLOCKS = YES;
				GCC_OPTIMIZATION_LEVEL = 0;
				GCC_PREPROCESSOR_DEFINITIONS = (
					"DEBUG=1",
					"$(inherited)",
				);
				GCC_WARN_64_TO_32_BIT_CONVERSION = YES;
				GCC_WARN_ABOUT_RETURN_TYPE = YES_ERROR;
				GCC_WARN_UNDECLARED_SELECTOR = YES;
				GCC_WARN_UNINITIALIZED_AUTOS = YES_AGGRESSIVE;
				GCC_WARN_UNUSED_FUNCTION = YES;
				GCC_WARN_UNUSED_VARIABLE = YES;
				IPHONEOS_DEPLOYMENT_TARGET = 9.3;
				MTL_ENABLE_DEBUG_INFO = YES;
				ONLY_ACTIVE_ARCH = YES;
				SDKROOT = iphoneos;
				SWIFT_OPTIMIZATION_LEVEL = "-Onone";
				TARGETED_DEVICE_FAMILY = "1,2";
			};
			name = Debug;
		};
		C33B93311D5D270B00C6EBF9 /* Release */ = {
			isa = XCBuildConfiguration;
			buildSettings = {
				ALWAYS_SEARCH_USER_PATHS = NO;
				CLANG_ANALYZER_NONNULL = YES;
				CLANG_CXX_LANGUAGE_STANDARD = "gnu++0x";
				CLANG_CXX_LIBRARY = "libc++";
				CLANG_ENABLE_MODULES = YES;
				CLANG_ENABLE_OBJC_ARC = YES;
				CLANG_WARN_BOOL_CONVERSION = YES;
				CLANG_WARN_CONSTANT_CONVERSION = YES;
				CLANG_WARN_DIRECT_OBJC_ISA_USAGE = YES_ERROR;
				CLANG_WARN_EMPTY_BODY = YES;
				CLANG_WARN_ENUM_CONVERSION = YES;
				CLANG_WARN_INT_CONVERSION = YES;
				CLANG_WARN_OBJC_ROOT_CLASS = YES_ERROR;
				CLANG_WARN_UNREACHABLE_CODE = YES;
				CLANG_WARN__DUPLICATE_METHOD_MATCH = YES;
				"CODE_SIGN_IDENTITY[sdk=iphoneos*]" = "iPhone Developer";
				COPY_PHASE_STRIP = NO;
				DEBUG_INFORMATION_FORMAT = "dwarf-with-dsym";
				ENABLE_NS_ASSERTIONS = NO;
				ENABLE_STRICT_OBJC_MSGSEND = YES;
				GCC_C_LANGUAGE_STANDARD = gnu99;
				GCC_NO_COMMON_BLOCKS = YES;
				GCC_WARN_64_TO_32_BIT_CONVERSION = YES;
				GCC_WARN_ABOUT_RETURN_TYPE = YES_ERROR;
				GCC_WARN_UNDECLARED_SELECTOR = YES;
				GCC_WARN_UNINITIALIZED_AUTOS = YES_AGGRESSIVE;
				GCC_WARN_UNUSED_FUNCTION = YES;
				GCC_WARN_UNUSED_VARIABLE = YES;
				IPHONEOS_DEPLOYMENT_TARGET = 9.3;
				MTL_ENABLE_DEBUG_INFO = NO;
				SDKROOT = iphoneos;
				TARGETED_DEVICE_FAMILY = "1,2";
				VALIDATE_PRODUCT = YES;
			};
			name = Release;
		};
		C33B93331D5D270B00C6EBF9 /* Debug */ = {
			isa = XCBuildConfiguration;
			buildSettings = {
				ASSETCATALOG_COMPILER_APPICON_NAME = AppIcon;
				INFOPLIST_FILE = Frank/Info.plist;
				LD_RUNPATH_SEARCH_PATHS = "$(inherited) @executable_path/Frameworks";
				PRODUCT_BUNDLE_IDENTIFIER = uk.TonyMerritt.Frank;
				PRODUCT_NAME = "$(TARGET_NAME)";
			};
			name = Debug;
		};
		C33B93341D5D270B00C6EBF9 /* Release */ = {
			isa = XCBuildConfiguration;
			buildSettings = {
				ASSETCATALOG_COMPILER_APPICON_NAME = AppIcon;
				INFOPLIST_FILE = Frank/Info.plist;
				LD_RUNPATH_SEARCH_PATHS = "$(inherited) @executable_path/Frameworks";
				PRODUCT_BUNDLE_IDENTIFIER = uk.TonyMerritt.Frank;
				PRODUCT_NAME = "$(TARGET_NAME)";
			};
			name = Release;
		};
/* End XCBuildConfiguration section */

/* Begin XCConfigurationList section */
		C33B931B1D5D270B00C6EBF9 /* Build configuration list for PBXProject "Frank" */ = {
			isa = XCConfigurationList;
			buildConfigurations = (
				C33B93301D5D270B00C6EBF9 /* Debug */,
				C33B93311D5D270B00C6EBF9 /* Release */,
			);
			defaultConfigurationIsVisible = 0;
			defaultConfigurationName = Release;
		};
		C33B93321D5D270B00C6EBF9 /* Build configuration list for PBXNativeTarget "Frank" */ = {
			isa = XCConfigurationList;
			buildConfigurations = (
				C33B93331D5D270B00C6EBF9 /* Debug */,
				C33B93341D5D270B00C6EBF9 /* Release */,
			);
			defaultConfigurationIsVisible = 0;
		};
/* End XCConfigurationList section */
	};
	rootObject = C33B93181D5D270B00C6EBF9 /* Project object */;
}
